// !$*UTF8*$!
{
	archiveVersion = 1;
	classes = {
	};
	objectVersion = 50;
	objects = {

/* Begin PBXBuildFile section */
		A74ECBF22800208A00A3657A /* LoginRegister.swift in Sources */ = {isa = PBXBuildFile; fileRef = A74ECBF12800208A00A3657A /* LoginRegister.swift */; };
		A74ECBF42800237F00A3657A /* ButtonView.swift in Sources */ = {isa = PBXBuildFile; fileRef = A74ECBF32800237F00A3657A /* ButtonView.swift */; };
		A74ECBF6280023C200A3657A /* LoginView.swift in Sources */ = {isa = PBXBuildFile; fileRef = A74ECBF5280023C200A3657A /* LoginView.swift */; };
		A74ECBF828002D7800A3657A /* RegisterView.swift in Sources */ = {isa = PBXBuildFile; fileRef = A74ECBF728002D7800A3657A /* RegisterView.swift */; };
		A7AB1D7D27E732AB00588FD1 /* HealthKit.framework in Frameworks */ = {isa = PBXBuildFile; fileRef = A7AB1D7C27E732AB00588FD1 /* HealthKit.framework */; };
		A7B4789F27845F2D00D1B148 /* MainMenu.swift in Sources */ = {isa = PBXBuildFile; fileRef = A7B4789E27845F2D00D1B148 /* MainMenu.swift */; };
		A7B478A127845F6500D1B148 /* ContactsView.swift in Sources */ = {isa = PBXBuildFile; fileRef = A7B478A027845F6500D1B148 /* ContactsView.swift */; };
		A7B478A327845FB400D1B148 /* SettingsView.swift in Sources */ = {isa = PBXBuildFile; fileRef = A7B478A227845FB400D1B148 /* SettingsView.swift */; };
		A7B478A7278486E900D1B148 /* WorkoutMenuView.swift in Sources */ = {isa = PBXBuildFile; fileRef = A7B478A6278486E900D1B148 /* WorkoutMenuView.swift */; };
		FAF4F23C2549F8380040ECE1 /* Workout WatchKit App.app in Embed Watch Content */ = {isa = PBXBuildFile; fileRef = FAF4F23B2549F8380040ECE1 /* Workout WatchKit App.app */; settings = {ATTRIBUTES = (RemoveHeadersOnCopy, ); }; };
		FAF4F2412549F83B0040ECE1 /* Assets.xcassets in Resources */ = {isa = PBXBuildFile; fileRef = FAF4F2402549F83B0040ECE1 /* Assets.xcassets */; };
		FAF4F2482549F83C0040ECE1 /* Workout WatchKit Extension.appex in Embed App Extensions */ = {isa = PBXBuildFile; fileRef = FAF4F2472549F83C0040ECE1 /* Workout WatchKit Extension.appex */; settings = {ATTRIBUTES = (RemoveHeadersOnCopy, ); }; };
		FAF4F24D2549F83C0040ECE1 /* WorkoutApp.swift in Sources */ = {isa = PBXBuildFile; fileRef = FAF4F24C2549F83C0040ECE1 /* WorkoutApp.swift */; };
		FAF4F2512549F83C0040ECE1 /* NotificationController.swift in Sources */ = {isa = PBXBuildFile; fileRef = FAF4F2502549F83C0040ECE1 /* NotificationController.swift */; };
		FAF4F2532549F83C0040ECE1 /* NotificationView.swift in Sources */ = {isa = PBXBuildFile; fileRef = FAF4F2522549F83C0040ECE1 /* NotificationView.swift */; };
		FAF4F2552549F83C0040ECE1 /* ComplicationController.swift in Sources */ = {isa = PBXBuildFile; fileRef = FAF4F2542549F83C0040ECE1 /* ComplicationController.swift */; };
		FAF4F2572549F83E0040ECE1 /* Assets.xcassets in Resources */ = {isa = PBXBuildFile; fileRef = FAF4F2562549F83E0040ECE1 /* Assets.xcassets */; };
		FAF4F25A2549F83E0040ECE1 /* Preview Assets.xcassets in Resources */ = {isa = PBXBuildFile; fileRef = FAF4F2592549F83E0040ECE1 /* Preview Assets.xcassets */; };
		FAF4F26E2549F9E50040ECE1 /* DataManager.swift in Sources */ = {isa = PBXBuildFile; fileRef = FAF4F26D2549F9E50040ECE1 /* DataManager.swift */; };
		FAF4F273254A05990040ECE1 /* WorkoutView.swift in Sources */ = {isa = PBXBuildFile; fileRef = FAF4F272254A05990040ECE1 /* WorkoutView.swift */; };
/* End PBXBuildFile section */

/* Begin PBXContainerItemProxy section */
		FAF4F23D2549F8380040ECE1 /* PBXContainerItemProxy */ = {
			isa = PBXContainerItemProxy;
			containerPortal = FAF4F2312549F8370040ECE1 /* Project object */;
			proxyType = 1;
			remoteGlobalIDString = FAF4F23A2549F8380040ECE1;
			remoteInfo = "Workout WatchKit App";
		};
		FAF4F2492549F83C0040ECE1 /* PBXContainerItemProxy */ = {
			isa = PBXContainerItemProxy;
			containerPortal = FAF4F2312549F8370040ECE1 /* Project object */;
			proxyType = 1;
			remoteGlobalIDString = FAF4F2462549F83C0040ECE1;
			remoteInfo = "Workout WatchKit Extension";
		};
/* End PBXContainerItemProxy section */

/* Begin PBXCopyFilesBuildPhase section */
		FAF4F2622549F83F0040ECE1 /* Embed App Extensions */ = {
			isa = PBXCopyFilesBuildPhase;
			buildActionMask = 2147483647;
			dstPath = "";
			dstSubfolderSpec = 13;
			files = (
				FAF4F2482549F83C0040ECE1 /* Workout WatchKit Extension.appex in Embed App Extensions */,
			);
			name = "Embed App Extensions";
			runOnlyForDeploymentPostprocessing = 0;
		};
		FAF4F2662549F83F0040ECE1 /* Embed Watch Content */ = {
			isa = PBXCopyFilesBuildPhase;
			buildActionMask = 2147483647;
			dstPath = "$(CONTENTS_FOLDER_PATH)/Watch";
			dstSubfolderSpec = 16;
			files = (
				FAF4F23C2549F8380040ECE1 /* Workout WatchKit App.app in Embed Watch Content */,
			);
			name = "Embed Watch Content";
			runOnlyForDeploymentPostprocessing = 0;
		};
/* End PBXCopyFilesBuildPhase section */

/* Begin PBXFileReference section */
		A74ECBF12800208A00A3657A /* LoginRegister.swift */ = {isa = PBXFileReference; lastKnownFileType = sourcecode.swift; path = LoginRegister.swift; sourceTree = "<group>"; };
		A74ECBF32800237F00A3657A /* ButtonView.swift */ = {isa = PBXFileReference; lastKnownFileType = sourcecode.swift; path = ButtonView.swift; sourceTree = "<group>"; };
		A74ECBF5280023C200A3657A /* LoginView.swift */ = {isa = PBXFileReference; lastKnownFileType = sourcecode.swift; path = LoginView.swift; sourceTree = "<group>"; };
		A74ECBF728002D7800A3657A /* RegisterView.swift */ = {isa = PBXFileReference; lastKnownFileType = sourcecode.swift; path = RegisterView.swift; sourceTree = "<group>"; };
		A7AB1D7C27E732AB00588FD1 /* HealthKit.framework */ = {isa = PBXFileReference; lastKnownFileType = wrapper.framework; name = HealthKit.framework; path = Platforms/WatchOS.platform/Developer/SDKs/WatchOS8.0.sdk/System/Library/Frameworks/HealthKit.framework; sourceTree = DEVELOPER_DIR; };
		A7B4789E27845F2D00D1B148 /* MainMenu.swift */ = {isa = PBXFileReference; lastKnownFileType = sourcecode.swift; path = MainMenu.swift; sourceTree = "<group>"; };
		A7B478A027845F6500D1B148 /* ContactsView.swift */ = {isa = PBXFileReference; lastKnownFileType = sourcecode.swift; path = ContactsView.swift; sourceTree = "<group>"; };
		A7B478A227845FB400D1B148 /* SettingsView.swift */ = {isa = PBXFileReference; lastKnownFileType = sourcecode.swift; path = SettingsView.swift; sourceTree = "<group>"; };
		A7B478A6278486E900D1B148 /* WorkoutMenuView.swift */ = {isa = PBXFileReference; lastKnownFileType = sourcecode.swift; path = WorkoutMenuView.swift; sourceTree = "<group>"; };
		FAF4F2372549F8370040ECE1 /* Workout.app */ = {isa = PBXFileReference; explicitFileType = wrapper.application; includeInIndex = 0; path = Workout.app; sourceTree = BUILT_PRODUCTS_DIR; };
		FAF4F23B2549F8380040ECE1 /* Workout WatchKit App.app */ = {isa = PBXFileReference; explicitFileType = wrapper.application; includeInIndex = 0; path = "Workout WatchKit App.app"; sourceTree = BUILT_PRODUCTS_DIR; };
		FAF4F2402549F83B0040ECE1 /* Assets.xcassets */ = {isa = PBXFileReference; lastKnownFileType = folder.assetcatalog; path = Assets.xcassets; sourceTree = "<group>"; };
		FAF4F2422549F83B0040ECE1 /* Info.plist */ = {isa = PBXFileReference; lastKnownFileType = text.plist.xml; path = Info.plist; sourceTree = "<group>"; };
		FAF4F2472549F83C0040ECE1 /* Workout WatchKit Extension.appex */ = {isa = PBXFileReference; explicitFileType = "wrapper.app-extension"; includeInIndex = 0; path = "Workout WatchKit Extension.appex"; sourceTree = BUILT_PRODUCTS_DIR; };
		FAF4F24C2549F83C0040ECE1 /* WorkoutApp.swift */ = {isa = PBXFileReference; lastKnownFileType = sourcecode.swift; path = WorkoutApp.swift; sourceTree = "<group>"; };
		FAF4F2502549F83C0040ECE1 /* NotificationController.swift */ = {isa = PBXFileReference; lastKnownFileType = sourcecode.swift; path = NotificationController.swift; sourceTree = "<group>"; };
		FAF4F2522549F83C0040ECE1 /* NotificationView.swift */ = {isa = PBXFileReference; lastKnownFileType = sourcecode.swift; path = NotificationView.swift; sourceTree = "<group>"; };
		FAF4F2542549F83C0040ECE1 /* ComplicationController.swift */ = {isa = PBXFileReference; lastKnownFileType = sourcecode.swift; path = ComplicationController.swift; sourceTree = "<group>"; };
		FAF4F2562549F83E0040ECE1 /* Assets.xcassets */ = {isa = PBXFileReference; lastKnownFileType = folder.assetcatalog; path = Assets.xcassets; sourceTree = "<group>"; };
		FAF4F2592549F83E0040ECE1 /* Preview Assets.xcassets */ = {isa = PBXFileReference; lastKnownFileType = folder.assetcatalog; path = "Preview Assets.xcassets"; sourceTree = "<group>"; };
		FAF4F25B2549F83E0040ECE1 /* Info.plist */ = {isa = PBXFileReference; lastKnownFileType = text.plist.xml; path = Info.plist; sourceTree = "<group>"; };
		FAF4F25C2549F83E0040ECE1 /* PushNotificationPayload.apns */ = {isa = PBXFileReference; lastKnownFileType = text; path = PushNotificationPayload.apns; sourceTree = "<group>"; };
		FAF4F26D2549F9E50040ECE1 /* DataManager.swift */ = {isa = PBXFileReference; lastKnownFileType = sourcecode.swift; path = DataManager.swift; sourceTree = "<group>"; };
		FAF4F272254A05990040ECE1 /* WorkoutView.swift */ = {isa = PBXFileReference; lastKnownFileType = sourcecode.swift; path = WorkoutView.swift; sourceTree = "<group>"; };
		FAF4F27A254A0BE60040ECE1 /* Workout WatchKit Extension.entitlements */ = {isa = PBXFileReference; lastKnownFileType = text.plist.entitlements; path = "Workout WatchKit Extension.entitlements"; sourceTree = "<group>"; };
/* End PBXFileReference section */

/* Begin PBXFrameworksBuildPhase section */
		FAF4F2442549F83C0040ECE1 /* Frameworks */ = {
			isa = PBXFrameworksBuildPhase;
			buildActionMask = 2147483647;
			files = (
				A7AB1D7D27E732AB00588FD1 /* HealthKit.framework in Frameworks */,
			);
			runOnlyForDeploymentPostprocessing = 0;
		};
/* End PBXFrameworksBuildPhase section */

/* Begin PBXGroup section */
		A7AB1D7B27E732AB00588FD1 /* Frameworks */ = {
			isa = PBXGroup;
			children = (
				A7AB1D7C27E732AB00588FD1 /* HealthKit.framework */,
			);
			name = Frameworks;
			sourceTree = "<group>";
		};
		FAF4F2302549F8370040ECE1 = {
			isa = PBXGroup;
			children = (
				FAF4F23F2549F8380040ECE1 /* Workout WatchKit App */,
				FAF4F24B2549F83C0040ECE1 /* Workout WatchKit Extension */,
				FAF4F2382549F8370040ECE1 /* Products */,
				A7AB1D7B27E732AB00588FD1 /* Frameworks */,
			);
			sourceTree = "<group>";
		};
		FAF4F2382549F8370040ECE1 /* Products */ = {
			isa = PBXGroup;
			children = (
				FAF4F2372549F8370040ECE1 /* Workout.app */,
				FAF4F23B2549F8380040ECE1 /* Workout WatchKit App.app */,
				FAF4F2472549F83C0040ECE1 /* Workout WatchKit Extension.appex */,
			);
			name = Products;
			sourceTree = "<group>";
		};
		FAF4F23F2549F8380040ECE1 /* Workout WatchKit App */ = {
			isa = PBXGroup;
			children = (
				FAF4F2402549F83B0040ECE1 /* Assets.xcassets */,
				FAF4F2422549F83B0040ECE1 /* Info.plist */,
			);
			path = "Workout WatchKit App";
			sourceTree = "<group>";
		};
		FAF4F24B2549F83C0040ECE1 /* Workout WatchKit Extension */ = {
			isa = PBXGroup;
			children = (
				FAF4F27A254A0BE60040ECE1 /* Workout WatchKit Extension.entitlements */,
				A74ECBF12800208A00A3657A /* LoginRegister.swift */,
				A74ECBF5280023C200A3657A /* LoginView.swift */,
				A74ECBF728002D7800A3657A /* RegisterView.swift */,
				A74ECBF32800237F00A3657A /* ButtonView.swift */,
				A7B4789E27845F2D00D1B148 /* MainMenu.swift */,
				A7B478A6278486E900D1B148 /* WorkoutMenuView.swift */,
				A7B478A227845FB400D1B148 /* SettingsView.swift */,
				A7B478A027845F6500D1B148 /* ContactsView.swift */,
				FAF4F24C2549F83C0040ECE1 /* WorkoutApp.swift */,
				FAF4F2502549F83C0040ECE1 /* NotificationController.swift */,
				FAF4F2522549F83C0040ECE1 /* NotificationView.swift */,
				FAF4F2542549F83C0040ECE1 /* ComplicationController.swift */,
				FAF4F2562549F83E0040ECE1 /* Assets.xcassets */,
				FAF4F25B2549F83E0040ECE1 /* Info.plist */,
				FAF4F25C2549F83E0040ECE1 /* PushNotificationPayload.apns */,
				FAF4F2582549F83E0040ECE1 /* Preview Content */,
				FAF4F26D2549F9E50040ECE1 /* DataManager.swift */,
				FAF4F272254A05990040ECE1 /* WorkoutView.swift */,
			);
			path = "Workout WatchKit Extension";
			sourceTree = "<group>";
		};
		FAF4F2582549F83E0040ECE1 /* Preview Content */ = {
			isa = PBXGroup;
			children = (
				FAF4F2592549F83E0040ECE1 /* Preview Assets.xcassets */,
			);
			path = "Preview Content";
			sourceTree = "<group>";
		};
/* End PBXGroup section */

/* Begin PBXNativeTarget section */
		FAF4F2362549F8370040ECE1 /* Workout */ = {
			isa = PBXNativeTarget;
			buildConfigurationList = FAF4F2672549F83F0040ECE1 /* Build configuration list for PBXNativeTarget "Workout" */;
			buildPhases = (
				FAF4F2352549F8370040ECE1 /* Resources */,
				FAF4F2662549F83F0040ECE1 /* Embed Watch Content */,
			);
			buildRules = (
			);
			dependencies = (
				FAF4F23E2549F8380040ECE1 /* PBXTargetDependency */,
			);
			name = Workout;
			productName = Workout;
			productReference = FAF4F2372549F8370040ECE1 /* Workout.app */;
			productType = "com.apple.product-type.application.watchapp2-container";
		};
		FAF4F23A2549F8380040ECE1 /* Workout WatchKit App */ = {
			isa = PBXNativeTarget;
			buildConfigurationList = FAF4F2632549F83F0040ECE1 /* Build configuration list for PBXNativeTarget "Workout WatchKit App" */;
			buildPhases = (
				FAF4F2392549F8380040ECE1 /* Resources */,
				FAF4F2622549F83F0040ECE1 /* Embed App Extensions */,
			);
			buildRules = (
			);
			dependencies = (
				FAF4F24A2549F83C0040ECE1 /* PBXTargetDependency */,
			);
			name = "Workout WatchKit App";
			productName = "Workout WatchKit App";
			productReference = FAF4F23B2549F8380040ECE1 /* Workout WatchKit App.app */;
			productType = "com.apple.product-type.application.watchapp2";
		};
		FAF4F2462549F83C0040ECE1 /* Workout WatchKit Extension */ = {
			isa = PBXNativeTarget;
			buildConfigurationList = FAF4F25F2549F83F0040ECE1 /* Build configuration list for PBXNativeTarget "Workout WatchKit Extension" */;
			buildPhases = (
				FAF4F2432549F83C0040ECE1 /* Sources */,
				FAF4F2442549F83C0040ECE1 /* Frameworks */,
				FAF4F2452549F83C0040ECE1 /* Resources */,
			);
			buildRules = (
			);
			dependencies = (
			);
			name = "Workout WatchKit Extension";
			productName = "Workout WatchKit Extension";
			productReference = FAF4F2472549F83C0040ECE1 /* Workout WatchKit Extension.appex */;
			productType = "com.apple.product-type.watchkit2-extension";
		};
/* End PBXNativeTarget section */

/* Begin PBXProject section */
		FAF4F2312549F8370040ECE1 /* Project object */ = {
			isa = PBXProject;
			attributes = {
				LastSwiftUpdateCheck = 1220;
				LastUpgradeCheck = 1220;
				TargetAttributes = {
					FAF4F2362549F8370040ECE1 = {
						CreatedOnToolsVersion = 12.2;
					};
					FAF4F23A2549F8380040ECE1 = {
						CreatedOnToolsVersion = 12.2;
					};
					FAF4F2462549F83C0040ECE1 = {
						CreatedOnToolsVersion = 12.2;
					};
				};
			};
			buildConfigurationList = FAF4F2342549F8370040ECE1 /* Build configuration list for PBXProject "Workout" */;
			compatibilityVersion = "Xcode 9.3";
			developmentRegion = en;
			hasScannedForEncodings = 0;
			knownRegions = (
				en,
				Base,
			);
			mainGroup = FAF4F2302549F8370040ECE1;
			productRefGroup = FAF4F2382549F8370040ECE1 /* Products */;
			projectDirPath = "";
			projectRoot = "";
			targets = (
				FAF4F2362549F8370040ECE1 /* Workout */,
				FAF4F23A2549F8380040ECE1 /* Workout WatchKit App */,
				FAF4F2462549F83C0040ECE1 /* Workout WatchKit Extension */,
			);
		};
/* End PBXProject section */

/* Begin PBXResourcesBuildPhase section */
		FAF4F2352549F8370040ECE1 /* Resources */ = {
			isa = PBXResourcesBuildPhase;
			buildActionMask = 2147483647;
			files = (
			);
			runOnlyForDeploymentPostprocessing = 0;
		};
		FAF4F2392549F8380040ECE1 /* Resources */ = {
			isa = PBXResourcesBuildPhase;
			buildActionMask = 2147483647;
			files = (
				FAF4F2412549F83B0040ECE1 /* Assets.xcassets in Resources */,
			);
			runOnlyForDeploymentPostprocessing = 0;
		};
		FAF4F2452549F83C0040ECE1 /* Resources */ = {
			isa = PBXResourcesBuildPhase;
			buildActionMask = 2147483647;
			files = (
				FAF4F25A2549F83E0040ECE1 /* Preview Assets.xcassets in Resources */,
				FAF4F2572549F83E0040ECE1 /* Assets.xcassets in Resources */,
			);
			runOnlyForDeploymentPostprocessing = 0;
		};
/* End PBXResourcesBuildPhase section */

/* Begin PBXSourcesBuildPhase section */
		FAF4F2432549F83C0040ECE1 /* Sources */ = {
			isa = PBXSourcesBuildPhase;
			buildActionMask = 2147483647;
			files = (
				FAF4F273254A05990040ECE1 /* WorkoutView.swift in Sources */,
				FAF4F2512549F83C0040ECE1 /* NotificationController.swift in Sources */,
				A74ECBF42800237F00A3657A /* ButtonView.swift in Sources */,
				A74ECBF828002D7800A3657A /* RegisterView.swift in Sources */,
				FAF4F26E2549F9E50040ECE1 /* DataManager.swift in Sources */,
				A7B4789F27845F2D00D1B148 /* MainMenu.swift in Sources */,
				A7B478A327845FB400D1B148 /* SettingsView.swift in Sources */,
				FAF4F2552549F83C0040ECE1 /* ComplicationController.swift in Sources */,
				A7B478A127845F6500D1B148 /* ContactsView.swift in Sources */,
				FAF4F24D2549F83C0040ECE1 /* WorkoutApp.swift in Sources */,
				FAF4F2532549F83C0040ECE1 /* NotificationView.swift in Sources */,
				A74ECBF6280023C200A3657A /* LoginView.swift in Sources */,
				A74ECBF22800208A00A3657A /* LoginRegister.swift in Sources */,
				A7B478A7278486E900D1B148 /* WorkoutMenuView.swift in Sources */,
			);
			runOnlyForDeploymentPostprocessing = 0;
		};
/* End PBXSourcesBuildPhase section */

/* Begin PBXTargetDependency section */
		FAF4F23E2549F8380040ECE1 /* PBXTargetDependency */ = {
			isa = PBXTargetDependency;
			target = FAF4F23A2549F8380040ECE1 /* Workout WatchKit App */;
			targetProxy = FAF4F23D2549F8380040ECE1 /* PBXContainerItemProxy */;
		};
		FAF4F24A2549F83C0040ECE1 /* PBXTargetDependency */ = {
			isa = PBXTargetDependency;
			target = FAF4F2462549F83C0040ECE1 /* Workout WatchKit Extension */;
			targetProxy = FAF4F2492549F83C0040ECE1 /* PBXContainerItemProxy */;
		};
/* End PBXTargetDependency section */

/* Begin XCBuildConfiguration section */
		FAF4F25D2549F83F0040ECE1 /* Debug */ = {
			isa = XCBuildConfiguration;
			buildSettings = {
				ALWAYS_SEARCH_USER_PATHS = NO;
				CLANG_ANALYZER_NONNULL = YES;
				CLANG_ANALYZER_NUMBER_OBJECT_CONVERSION = YES_AGGRESSIVE;
				CLANG_CXX_LANGUAGE_STANDARD = "gnu++14";
				CLANG_CXX_LIBRARY = "libc++";
				CLANG_ENABLE_MODULES = YES;
				CLANG_ENABLE_OBJC_ARC = YES;
				CLANG_ENABLE_OBJC_WEAK = YES;
				CLANG_WARN_BLOCK_CAPTURE_AUTORELEASING = YES;
				CLANG_WARN_BOOL_CONVERSION = YES;
				CLANG_WARN_COMMA = YES;
				CLANG_WARN_CONSTANT_CONVERSION = YES;
				CLANG_WARN_DEPRECATED_OBJC_IMPLEMENTATIONS = YES;
				CLANG_WARN_DIRECT_OBJC_ISA_USAGE = YES_ERROR;
				CLANG_WARN_DOCUMENTATION_COMMENTS = YES;
				CLANG_WARN_EMPTY_BODY = YES;
				CLANG_WARN_ENUM_CONVERSION = YES;
				CLANG_WARN_INFINITE_RECURSION = YES;
				CLANG_WARN_INT_CONVERSION = YES;
				CLANG_WARN_NON_LITERAL_NULL_CONVERSION = YES;
				CLANG_WARN_OBJC_IMPLICIT_RETAIN_SELF = YES;
				CLANG_WARN_OBJC_LITERAL_CONVERSION = YES;
				CLANG_WARN_OBJC_ROOT_CLASS = YES_ERROR;
				CLANG_WARN_QUOTED_INCLUDE_IN_FRAMEWORK_HEADER = YES;
				CLANG_WARN_RANGE_LOOP_ANALYSIS = YES;
				CLANG_WARN_STRICT_PROTOTYPES = YES;
				CLANG_WARN_SUSPICIOUS_MOVE = YES;
				CLANG_WARN_UNGUARDED_AVAILABILITY = YES_AGGRESSIVE;
				CLANG_WARN_UNREACHABLE_CODE = YES;
				CLANG_WARN__DUPLICATE_METHOD_MATCH = YES;
				COPY_PHASE_STRIP = NO;
				DEBUG_INFORMATION_FORMAT = dwarf;
				ENABLE_STRICT_OBJC_MSGSEND = YES;
				ENABLE_TESTABILITY = YES;
				GCC_C_LANGUAGE_STANDARD = gnu11;
				GCC_DYNAMIC_NO_PIC = NO;
				GCC_NO_COMMON_BLOCKS = YES;
				GCC_OPTIMIZATION_LEVEL = 0;
				GCC_PREPROCESSOR_DEFINITIONS = (
					"DEBUG=1",
					"$(inherited)",
				);
				GCC_WARN_64_TO_32_BIT_CONVERSION = YES;
				GCC_WARN_ABOUT_RETURN_TYPE = YES_ERROR;
				GCC_WARN_UNDECLARED_SELECTOR = YES;
				GCC_WARN_UNINITIALIZED_AUTOS = YES_AGGRESSIVE;
				GCC_WARN_UNUSED_FUNCTION = YES;
				GCC_WARN_UNUSED_VARIABLE = YES;
				MTL_ENABLE_DEBUG_INFO = INCLUDE_SOURCE;
				MTL_FAST_MATH = YES;
				ONLY_ACTIVE_ARCH = YES;
				SDKROOT = iphoneos;
				SWIFT_ACTIVE_COMPILATION_CONDITIONS = DEBUG;
				SWIFT_OPTIMIZATION_LEVEL = "-Onone";
			};
			name = Debug;
		};
		FAF4F25E2549F83F0040ECE1 /* Release */ = {
			isa = XCBuildConfiguration;
			buildSettings = {
				ALWAYS_SEARCH_USER_PATHS = NO;
				CLANG_ANALYZER_NONNULL = YES;
				CLANG_ANALYZER_NUMBER_OBJECT_CONVERSION = YES_AGGRESSIVE;
				CLANG_CXX_LANGUAGE_STANDARD = "gnu++14";
				CLANG_CXX_LIBRARY = "libc++";
				CLANG_ENABLE_MODULES = YES;
				CLANG_ENABLE_OBJC_ARC = YES;
				CLANG_ENABLE_OBJC_WEAK = YES;
				CLANG_WARN_BLOCK_CAPTURE_AUTORELEASING = YES;
				CLANG_WARN_BOOL_CONVERSION = YES;
				CLANG_WARN_COMMA = YES;
				CLANG_WARN_CONSTANT_CONVERSION = YES;
				CLANG_WARN_DEPRECATED_OBJC_IMPLEMENTATIONS = YES;
				CLANG_WARN_DIRECT_OBJC_ISA_USAGE = YES_ERROR;
				CLANG_WARN_DOCUMENTATION_COMMENTS = YES;
				CLANG_WARN_EMPTY_BODY = YES;
				CLANG_WARN_ENUM_CONVERSION = YES;
				CLANG_WARN_INFINITE_RECURSION = YES;
				CLANG_WARN_INT_CONVERSION = YES;
				CLANG_WARN_NON_LITERAL_NULL_CONVERSION = YES;
				CLANG_WARN_OBJC_IMPLICIT_RETAIN_SELF = YES;
				CLANG_WARN_OBJC_LITERAL_CONVERSION = YES;
				CLANG_WARN_OBJC_ROOT_CLASS = YES_ERROR;
				CLANG_WARN_QUOTED_INCLUDE_IN_FRAMEWORK_HEADER = YES;
				CLANG_WARN_RANGE_LOOP_ANALYSIS = YES;
				CLANG_WARN_STRICT_PROTOTYPES = YES;
				CLANG_WARN_SUSPICIOUS_MOVE = YES;
				CLANG_WARN_UNGUARDED_AVAILABILITY = YES_AGGRESSIVE;
				CLANG_WARN_UNREACHABLE_CODE = YES;
				CLANG_WARN__DUPLICATE_METHOD_MATCH = YES;
				COPY_PHASE_STRIP = NO;
				DEBUG_INFORMATION_FORMAT = "dwarf-with-dsym";
				ENABLE_NS_ASSERTIONS = NO;
				ENABLE_STRICT_OBJC_MSGSEND = YES;
				GCC_C_LANGUAGE_STANDARD = gnu11;
				GCC_NO_COMMON_BLOCKS = YES;
				GCC_WARN_64_TO_32_BIT_CONVERSION = YES;
				GCC_WARN_ABOUT_RETURN_TYPE = YES_ERROR;
				GCC_WARN_UNDECLARED_SELECTOR = YES;
				GCC_WARN_UNINITIALIZED_AUTOS = YES_AGGRESSIVE;
				GCC_WARN_UNUSED_FUNCTION = YES;
				GCC_WARN_UNUSED_VARIABLE = YES;
				MTL_ENABLE_DEBUG_INFO = NO;
				MTL_FAST_MATH = YES;
				SDKROOT = iphoneos;
				SWIFT_COMPILATION_MODE = wholemodule;
				SWIFT_OPTIMIZATION_LEVEL = "-O";
				VALIDATE_PRODUCT = YES;
			};
			name = Release;
		};
		FAF4F2602549F83F0040ECE1 /* Debug */ = {
			isa = XCBuildConfiguration;
			buildSettings = {
				ASSETCATALOG_COMPILER_COMPLICATION_NAME = Complication;
				CODE_SIGN_ENTITLEMENTS = "Workout WatchKit Extension/Workout WatchKit Extension.entitlements";
				CODE_SIGN_STYLE = Automatic;
				DEVELOPMENT_ASSET_PATHS = "\"Workout WatchKit Extension/Preview Content\"";
				DEVELOPMENT_TEAM = 8M8AKZY3P2;
				ENABLE_PREVIEWS = YES;
				INFOPLIST_FILE = "Workout WatchKit Extension/Info.plist";
				LD_RUNPATH_SEARCH_PATHS = (
					"$(inherited)",
					"@executable_path/Frameworks",
					"@executable_path/../../Frameworks",
				);
				PRODUCT_BUNDLE_IDENTIFIER = com.mammothinteractive.Workout.watchkitapp.watchkitextension;
				PRODUCT_NAME = "${TARGET_NAME}";
				SDKROOT = watchos;
				SKIP_INSTALL = YES;
				SWIFT_VERSION = 5.0;
				TARGETED_DEVICE_FAMILY = 4;
				WATCHOS_DEPLOYMENT_TARGET = 7.1;
			};
			name = Debug;
		};
		FAF4F2612549F83F0040ECE1 /* Release */ = {
			isa = XCBuildConfiguration;
			buildSettings = {
				ASSETCATALOG_COMPILER_COMPLICATION_NAME = Complication;
				CODE_SIGN_ENTITLEMENTS = "Workout WatchKit Extension/Workout WatchKit Extension.entitlements";
				CODE_SIGN_STYLE = Automatic;
				DEVELOPMENT_ASSET_PATHS = "\"Workout WatchKit Extension/Preview Content\"";
				DEVELOPMENT_TEAM = 8M8AKZY3P2;
				ENABLE_PREVIEWS = YES;
				INFOPLIST_FILE = "Workout WatchKit Extension/Info.plist";
				LD_RUNPATH_SEARCH_PATHS = (
					"$(inherited)",
					"@executable_path/Frameworks",
					"@executable_path/../../Frameworks",
				);
				PRODUCT_BUNDLE_IDENTIFIER = com.mammothinteractive.Workout.watchkitapp.watchkitextension;
				PRODUCT_NAME = "${TARGET_NAME}";
				SDKROOT = watchos;
				SKIP_INSTALL = YES;
				SWIFT_VERSION = 5.0;
				TARGETED_DEVICE_FAMILY = 4;
				WATCHOS_DEPLOYMENT_TARGET = 7.1;
			};
			name = Release;
		};
		FAF4F2642549F83F0040ECE1 /* Debug */ = {
			isa = XCBuildConfiguration;
			buildSettings = {
				ALWAYS_EMBED_SWIFT_STANDARD_LIBRARIES = YES;
				ASSETCATALOG_COMPILER_APPICON_NAME = AppIcon;
				ASSETCATALOG_COMPILER_GLOBAL_ACCENT_COLOR_NAME = AccentColor;
				CODE_SIGN_STYLE = Automatic;
				DEVELOPMENT_TEAM = 8M8AKZY3P2;
				IBSC_MODULE = Workout_WatchKit_Extension;
				INFOPLIST_FILE = "Workout WatchKit App/Info.plist";
				PRODUCT_BUNDLE_IDENTIFIER = com.mammothinteractive.Workout.watchkitapp;
				PRODUCT_NAME = "$(TARGET_NAME)";
				SDKROOT = watchos;
				SKIP_INSTALL = YES;
				SWIFT_VERSION = 5.0;
				TARGETED_DEVICE_FAMILY = 4;
				WATCHOS_DEPLOYMENT_TARGET = 7.1;
			};
			name = Debug;
		};
		FAF4F2652549F83F0040ECE1 /* Release */ = {
			isa = XCBuildConfiguration;
			buildSettings = {
				ALWAYS_EMBED_SWIFT_STANDARD_LIBRARIES = YES;
				ASSETCATALOG_COMPILER_APPICON_NAME = AppIcon;
				ASSETCATALOG_COMPILER_GLOBAL_ACCENT_COLOR_NAME = AccentColor;
				CODE_SIGN_STYLE = Automatic;
				DEVELOPMENT_TEAM = 8M8AKZY3P2;
				IBSC_MODULE = Workout_WatchKit_Extension;
				INFOPLIST_FILE = "Workout WatchKit App/Info.plist";
				PRODUCT_BUNDLE_IDENTIFIER = com.mammothinteractive.Workout.watchkitapp;
				PRODUCT_NAME = "$(TARGET_NAME)";
				SDKROOT = watchos;
				SKIP_INSTALL = YES;
				SWIFT_VERSION = 5.0;
				TARGETED_DEVICE_FAMILY = 4;
				WATCHOS_DEPLOYMENT_TARGET = 7.1;
			};
			name = Release;
		};
		FAF4F2682549F83F0040ECE1 /* Debug */ = {
			isa = XCBuildConfiguration;
			buildSettings = {
				CODE_SIGN_STYLE = Automatic;
				CURRENT_PROJECT_VERSION = 1;
				DEVELOPMENT_TEAM = 8M8AKZY3P2;
				MARKETING_VERSION = 1.0;
				PRODUCT_BUNDLE_IDENTIFIER = com.mammothinteractive.Workout;
				PRODUCT_NAME = "$(TARGET_NAME)";
				SWIFT_VERSION = 5.0;
			};
			name = Debug;
		};
		FAF4F2692549F83F0040ECE1 /* Release */ = {
			isa = XCBuildConfiguration;
			buildSettings = {
				CODE_SIGN_STYLE = Automatic;
				CURRENT_PROJECT_VERSION = 1;
				DEVELOPMENT_TEAM = 8M8AKZY3P2;
				MARKETING_VERSION = 1.0;
				PRODUCT_BUNDLE_IDENTIFIER = com.mammothinteractive.Workout;
				PRODUCT_NAME = "$(TARGET_NAME)";
				SWIFT_VERSION = 5.0;
			};
			name = Release;
		};
/* End XCBuildConfiguration section */

/* Begin XCConfigurationList section */
		FAF4F2342549F8370040ECE1 /* Build configuration list for PBXProject "Workout" */ = {
			isa = XCConfigurationList;
			buildConfigurations = (
				FAF4F25D2549F83F0040ECE1 /* Debug */,
				FAF4F25E2549F83F0040ECE1 /* Release */,
			);
			defaultConfigurationIsVisible = 0;
			defaultConfigurationName = Release;
		};
		FAF4F25F2549F83F0040ECE1 /* Build configuration list for PBXNativeTarget "Workout WatchKit Extension" */ = {
			isa = XCConfigurationList;
			buildConfigurations = (
				FAF4F2602549F83F0040ECE1 /* Debug */,
				FAF4F2612549F83F0040ECE1 /* Release */,
			);
			defaultConfigurationIsVisible = 0;
			defaultConfigurationName = Release;
		};
		FAF4F2632549F83F0040ECE1 /* Build configuration list for PBXNativeTarget "Workout WatchKit App" */ = {
			isa = XCConfigurationList;
			buildConfigurations = (
				FAF4F2642549F83F0040ECE1 /* Debug */,
				FAF4F2652549F83F0040ECE1 /* Release */,
			);
			defaultConfigurationIsVisible = 0;
			defaultConfigurationName = Release;
		};
		FAF4F2672549F83F0040ECE1 /* Build configuration list for PBXNativeTarget "Workout" */ = {
			isa = XCConfigurationList;
			buildConfigurations = (
				FAF4F2682549F83F0040ECE1 /* Debug */,
				FAF4F2692549F83F0040ECE1 /* Release */,
			);
			defaultConfigurationIsVisible = 0;
			defaultConfigurationName = Release;
		};
/* End XCConfigurationList section */
	};
	rootObject = FAF4F2312549F8370040ECE1 /* Project object */;
}
